
Microsoft Visual Studio Solution File, Format Version 12.00
# Visual Studio 15
VisualStudioVersion = 15.0.27428.2027
MinimumVisualStudioVersion = 10.0.40219.1
Project("{9A19103F-16F7-4668-BE54-9A1E7A4F7556}") = "WhatNow.Contracts", "WhatNow.Contracts\WhatNow.Contracts.csproj", "{2699B4AB-4628-447D-9F9D-9BEB93F3B2F2}"
EndProject
Project("{9A19103F-16F7-4668-BE54-9A1E7A4F7556}") = "WhatNow.Essentials", "WhatNow.Essentials\WhatNow.Essentials.csproj", "{A6C3EEBC-4488-4994-A919-17B18340C33C}"
EndProject
Project("{FAE04EC0-301F-11D3-BF4B-00C04F79EFBC}") = "WhatNow.Tests", "WhatNow.Tests\WhatNow.Tests.csproj", "{5E543DA1-F2E3-4A6A-A378-7E8D91A92BCB}"
EndProject
Global
	GlobalSection(SolutionConfigurationPlatforms) = preSolution
		Debug|Any CPU = Debug|Any CPU
		Release|Any CPU = Release|Any CPU
	EndGlobalSection
	GlobalSection(ProjectConfigurationPlatforms) = postSolution
		{2699B4AB-4628-447D-9F9D-9BEB93F3B2F2}.Debug|Any CPU.ActiveCfg = Debug|Any CPU
		{2699B4AB-4628-447D-9F9D-9BEB93F3B2F2}.Debug|Any CPU.Build.0 = Debug|Any CPU
		{2699B4AB-4628-447D-9F9D-9BEB93F3B2F2}.Release|Any CPU.ActiveCfg = Release|Any CPU
		{2699B4AB-4628-447D-9F9D-9BEB93F3B2F2}.Release|Any CPU.Build.0 = Release|Any CPU
		{A6C3EEBC-4488-4994-A919-17B18340C33C}.Debug|Any CPU.ActiveCfg = Debug|Any CPU
		{A6C3EEBC-4488-4994-A919-17B18340C33C}.Debug|Any CPU.Build.0 = Debug|Any CPU
		{A6C3EEBC-4488-4994-A919-17B18340C33C}.Release|Any CPU.ActiveCfg = Release|Any CPU
		{A6C3EEBC-4488-4994-A919-17B18340C33C}.Release|Any CPU.Build.0 = Release|Any CPU
		{5E543DA1-F2E3-4A6A-A378-7E8D91A92BCB}.Debug|Any CPU.ActiveCfg = Debug|Any CPU
		{5E543DA1-F2E3-4A6A-A378-7E8D91A92BCB}.Debug|Any CPU.Build.0 = Debug|Any CPU
		{5E543DA1-F2E3-4A6A-A378-7E8D91A92BCB}.Release|Any CPU.ActiveCfg = Release|Any CPU
		{5E543DA1-F2E3-4A6A-A378-7E8D91A92BCB}.Release|Any CPU.Build.0 = Release|Any CPU
	EndGlobalSection
	GlobalSection(SolutionProperties) = preSolution
		HideSolutionNode = FALSE
	EndGlobalSection
	GlobalSection(ExtensibilityGlobals) = postSolution
		SolutionGuid = {7436F57E-F883-45E4-B1BA-A262C80E8AF0}
	EndGlobalSection
EndGlobal
